
Microsoft Visual Studio Solution File, Format Version 12.00
# Visual Studio Version 17
VisualStudioVersion = 17.11.35327.3
MinimumVisualStudioVersion = 10.0.40219.1
Project("{2150E333-8FDC-42A3-9474-1A3956D46DE8}") = "Task0", "Task0", "{692B49C9-39FF-4FBC-848E-22AB9F5AAE97}"
EndProject
Project("{9A19103F-16F7-4668-BE54-9A1E7A4F7556}") = "Tyuiu.KonstantinovaJN.Sprint1.Task0.V1.Test", "Tyuiu.KonstantinovaJN.Sprint1.Task0.V1.Test\Tyuiu.KonstantinovaJN.Sprint1.Task0.V1.Test.csproj", "{FE0A7B89-836C-4B95-9E34-2AE4C1972832}"
EndProject
Project("{9A19103F-16F7-4668-BE54-9A1E7A4F7556}") = "Tyuiu.KonstantinovaJN.Sprint1.Task0.V1", "Tyuiu.KonstantinovaJN.Sprint1.Task0.V1\Tyuiu.KonstantinovaJN.Sprint1.Task0.V1.csproj", "{FE6A2942-479B-4F4D-AB93-A951A7A4CAC8}"
EndProject
Project("{9A19103F-16F7-4668-BE54-9A1E7A4F7556}") = "Tyuiu.KonstantinovaJN.Sprint1.Task0.V1.Lib", "Tyuiu.KonstantinovaJN.Sprint1.Task0.V1.Lib\Tyuiu.KonstantinovaJN.Sprint1.Task0.V1.Lib.csproj", "{E5F5E976-B1FF-41DD-9C99-AB290959368E}"
EndProject
Project("{2150E333-8FDC-42A3-9474-1A3956D46DE8}") = "Task1", "Task1", "{A761626A-6896-4B70-8C13-FE336CAFDD8C}"
EndProject
Project("{9A19103F-16F7-4668-BE54-9A1E7A4F7556}") = "Tyuiu.KonstantinovaJN.Sprint1.Task1.V19", "Tyuiu.KonstantinovaJN.Sprint1.Task1.V19\Tyuiu.KonstantinovaJN.Sprint1.Task1.V19.csproj", "{ECC19A4A-D539-4E99-9CC9-AA4D83976535}"
EndProject
Project("{9A19103F-16F7-4668-BE54-9A1E7A4F7556}") = "Tyuiu.KonstantinovaJN.Sprint1.Task1.V19.Test", "Tyuiu.KonstantinovaJN.Sprint1.Task1.V19.Test\Tyuiu.KonstantinovaJN.Sprint1.Task1.V19.Test.csproj", "{09E4234F-5624-477C-9C33-6A0592497892}"
EndProject
Project("{9A19103F-16F7-4668-BE54-9A1E7A4F7556}") = "Tyuiu.KonstantinovaJN.Sprint1.Task1.V19.Lib", "Tyuiu.KonstantinovaJN.Sprint1.Task1.V19.Lib\Tyuiu.KonstantinovaJN.Sprint1.Task1.V19.Lib.csproj", "{160B9F05-5E5D-40B2-9EDC-319CC11CCFD4}"
EndProject
Project("{2150E333-8FDC-42A3-9474-1A3956D46DE8}") = "Task2", "Task2", "{5C79AECE-BC36-48F4-8F8F-ABBAB8516E2B}"
EndProject
Project("{FAE04EC0-301F-11D3-BF4B-00C04F79EFBC}") = "Tyuiu.KonstantinovaJN.Sprint1.Task2.V17", "Tyuiu.KonstantinovaJN.Sprint1.Task2.V0\Tyuiu.KonstantinovaJN.Sprint1.Task2.V17.csproj", "{C521A3A6-538C-4399-BB06-AF862E1167F5}"
EndProject
Project("{FAE04EC0-301F-11D3-BF4B-00C04F79EFBC}") = "Tyuiu.KonstantinovaJN.Sprint1.Task2.V17.Lib", "Tyuiu.KonstantinovaJN.Sprint1.Task2.V0.Lib\Tyuiu.KonstantinovaJN.Sprint1.Task2.V17.Lib.csproj", "{5458EA33-C1C3-49DC-A37D-8611A0ECDC54}"
EndProject
Project("{FAE04EC0-301F-11D3-BF4B-00C04F79EFBC}") = "Tyuiu.KonstantinovaJN.Sprint1.Task2.V17.Test", "Tyuiu.KonstantinovaJN.Sprint1.Task2.V0.Test\Tyuiu.KonstantinovaJN.Sprint1.Task2.V17.Test.csproj", "{9BF254D3-AEC0-4C3D-A086-24AA1EA6E320}"
EndProject
Global
	GlobalSection(SolutionConfigurationPlatforms) = preSolution
		Debug|Any CPU = Debug|Any CPU
		Release|Any CPU = Release|Any CPU
	EndGlobalSection
	GlobalSection(ProjectConfigurationPlatforms) = postSolution
		{FE0A7B89-836C-4B95-9E34-2AE4C1972832}.Debug|Any CPU.ActiveCfg = Debug|Any CPU
		{FE0A7B89-836C-4B95-9E34-2AE4C1972832}.Debug|Any CPU.Build.0 = Debug|Any CPU
		{FE0A7B89-836C-4B95-9E34-2AE4C1972832}.Release|Any CPU.ActiveCfg = Release|Any CPU
		{FE0A7B89-836C-4B95-9E34-2AE4C1972832}.Release|Any CPU.Build.0 = Release|Any CPU
		{FE6A2942-479B-4F4D-AB93-A951A7A4CAC8}.Debug|Any CPU.ActiveCfg = Debug|Any CPU
		{FE6A2942-479B-4F4D-AB93-A951A7A4CAC8}.Debug|Any CPU.Build.0 = Debug|Any CPU
		{FE6A2942-479B-4F4D-AB93-A951A7A4CAC8}.Release|Any CPU.ActiveCfg = Release|Any CPU
		{FE6A2942-479B-4F4D-AB93-A951A7A4CAC8}.Release|Any CPU.Build.0 = Release|Any CPU
		{E5F5E976-B1FF-41DD-9C99-AB290959368E}.Debug|Any CPU.ActiveCfg = Debug|Any CPU
		{E5F5E976-B1FF-41DD-9C99-AB290959368E}.Debug|Any CPU.Build.0 = Debug|Any CPU
		{E5F5E976-B1FF-41DD-9C99-AB290959368E}.Release|Any CPU.ActiveCfg = Release|Any CPU
		{E5F5E976-B1FF-41DD-9C99-AB290959368E}.Release|Any CPU.Build.0 = Release|Any CPU
		{ECC19A4A-D539-4E99-9CC9-AA4D83976535}.Debug|Any CPU.ActiveCfg = Debug|Any CPU
		{ECC19A4A-D539-4E99-9CC9-AA4D83976535}.Debug|Any CPU.Build.0 = Debug|Any CPU
		{ECC19A4A-D539-4E99-9CC9-AA4D83976535}.Release|Any CPU.ActiveCfg = Release|Any CPU
		{ECC19A4A-D539-4E99-9CC9-AA4D83976535}.Release|Any CPU.Build.0 = Release|Any CPU
		{09E4234F-5624-477C-9C33-6A0592497892}.Debug|Any CPU.ActiveCfg = Debug|Any CPU
		{09E4234F-5624-477C-9C33-6A0592497892}.Debug|Any CPU.Build.0 = Debug|Any CPU
		{09E4234F-5624-477C-9C33-6A0592497892}.Release|Any CPU.ActiveCfg = Release|Any CPU
		{09E4234F-5624-477C-9C33-6A0592497892}.Release|Any CPU.Build.0 = Release|Any CPU
		{160B9F05-5E5D-40B2-9EDC-319CC11CCFD4}.Debug|Any CPU.ActiveCfg = Debug|Any CPU
		{160B9F05-5E5D-40B2-9EDC-319CC11CCFD4}.Debug|Any CPU.Build.0 = Debug|Any CPU
		{160B9F05-5E5D-40B2-9EDC-319CC11CCFD4}.Release|Any CPU.ActiveCfg = Release|Any CPU
		{160B9F05-5E5D-40B2-9EDC-319CC11CCFD4}.Release|Any CPU.Build.0 = Release|Any CPU
		{C521A3A6-538C-4399-BB06-AF862E1167F5}.Debug|Any CPU.ActiveCfg = Debug|Any CPU
		{C521A3A6-538C-4399-BB06-AF862E1167F5}.Debug|Any CPU.Build.0 = Debug|Any CPU
		{C521A3A6-538C-4399-BB06-AF862E1167F5}.Release|Any CPU.ActiveCfg = Release|Any CPU
		{C521A3A6-538C-4399-BB06-AF862E1167F5}.Release|Any CPU.Build.0 = Release|Any CPU
		{5458EA33-C1C3-49DC-A37D-8611A0ECDC54}.Debug|Any CPU.ActiveCfg = Debug|Any CPU
		{5458EA33-C1C3-49DC-A37D-8611A0ECDC54}.Debug|Any CPU.Build.0 = Debug|Any CPU
		{5458EA33-C1C3-49DC-A37D-8611A0ECDC54}.Release|Any CPU.ActiveCfg = Release|Any CPU
		{5458EA33-C1C3-49DC-A37D-8611A0ECDC54}.Release|Any CPU.Build.0 = Release|Any CPU
		{9BF254D3-AEC0-4C3D-A086-24AA1EA6E320}.Debug|Any CPU.ActiveCfg = Debug|Any CPU
		{9BF254D3-AEC0-4C3D-A086-24AA1EA6E320}.Debug|Any CPU.Build.0 = Debug|Any CPU
		{9BF254D3-AEC0-4C3D-A086-24AA1EA6E320}.Release|Any CPU.ActiveCfg = Release|Any CPU
		{9BF254D3-AEC0-4C3D-A086-24AA1EA6E320}.Release|Any CPU.Build.0 = Release|Any CPU
	EndGlobalSection
	GlobalSection(SolutionProperties) = preSolution
		HideSolutionNode = FALSE
	EndGlobalSection
	GlobalSection(NestedProjects) = preSolution
		{FE0A7B89-836C-4B95-9E34-2AE4C1972832} = {692B49C9-39FF-4FBC-848E-22AB9F5AAE97}
		{FE6A2942-479B-4F4D-AB93-A951A7A4CAC8} = {692B49C9-39FF-4FBC-848E-22AB9F5AAE97}
		{E5F5E976-B1FF-41DD-9C99-AB290959368E} = {692B49C9-39FF-4FBC-848E-22AB9F5AAE97}
		{ECC19A4A-D539-4E99-9CC9-AA4D83976535} = {A761626A-6896-4B70-8C13-FE336CAFDD8C}
		{09E4234F-5624-477C-9C33-6A0592497892} = {A761626A-6896-4B70-8C13-FE336CAFDD8C}
		{160B9F05-5E5D-40B2-9EDC-319CC11CCFD4} = {A761626A-6896-4B70-8C13-FE336CAFDD8C}
		{C521A3A6-538C-4399-BB06-AF862E1167F5} = {5C79AECE-BC36-48F4-8F8F-ABBAB8516E2B}
		{5458EA33-C1C3-49DC-A37D-8611A0ECDC54} = {5C79AECE-BC36-48F4-8F8F-ABBAB8516E2B}
		{9BF254D3-AEC0-4C3D-A086-24AA1EA6E320} = {5C79AECE-BC36-48F4-8F8F-ABBAB8516E2B}
	EndGlobalSection
	GlobalSection(ExtensibilityGlobals) = postSolution
		SolutionGuid = {0569F1D0-331A-4332-9DB9-6C0E719CF5BB}
	EndGlobalSection
EndGlobal
