
Microsoft Visual Studio Solution File, Format Version 12.00
# Visual Studio Version 17
VisualStudioVersion = 17.11.35327.3
MinimumVisualStudioVersion = 10.0.40219.1
Project("{2150E333-8FDC-42A3-9474-1A3956D46DE8}") = "Task0", "Task0", "{692B49C9-39FF-4FBC-848E-22AB9F5AAE97}"
EndProject
Project("{9A19103F-16F7-4668-BE54-9A1E7A4F7556}") = "Tyuiu.KonstantinovaJN.Sprint1.Task0.V1.Test", "Tyuiu.KonstantinovaJN.Sprint1.Task0.V1.Test\Tyuiu.KonstantinovaJN.Sprint1.Task0.V1.Test.csproj", "{FE0A7B89-836C-4B95-9E34-2AE4C1972832}"
EndProject
Project("{9A19103F-16F7-4668-BE54-9A1E7A4F7556}") = "Tyuiu.KonstantinovaJN.Sprint1.Task0.V1", "Tyuiu.KonstantinovaJN.Sprint1.Task0.V1\Tyuiu.KonstantinovaJN.Sprint1.Task0.V1.csproj", "{FE6A2942-479B-4F4D-AB93-A951A7A4CAC8}"
EndProject
Project("{9A19103F-16F7-4668-BE54-9A1E7A4F7556}") = "Tyuiu.KonstantinovaJN.Sprint1.Task0.V1.Lib", "Tyuiu.KonstantinovaJN.Sprint1.Task0.V1.Lib\Tyuiu.KonstantinovaJN.Sprint1.Task0.V1.Lib.csproj", "{E5F5E976-B1FF-41DD-9C99-AB290959368E}"
EndProject
Project("{2150E333-8FDC-42A3-9474-1A3956D46DE8}") = "Task1", "Task1", "{A761626A-6896-4B70-8C13-FE336CAFDD8C}"
EndProject
Project("{9A19103F-16F7-4668-BE54-9A1E7A4F7556}") = "Tyuiu.KonstantinovaJN.Sprint1.Task1.V19", "Tyuiu.KonstantinovaJN.Sprint1.Task1.V19\Tyuiu.KonstantinovaJN.Sprint1.Task1.V19.csproj", "{ECC19A4A-D539-4E99-9CC9-AA4D83976535}"
EndProject
Project("{9A19103F-16F7-4668-BE54-9A1E7A4F7556}") = "Tyuiu.KonstantinovaJN.Sprint1.Task1.V19.Test", "Tyuiu.KonstantinovaJN.Sprint1.Task1.V19.Test\Tyuiu.KonstantinovaJN.Sprint1.Task1.V19.Test.csproj", "{09E4234F-5624-477C-9C33-6A0592497892}"
EndProject
Project("{9A19103F-16F7-4668-BE54-9A1E7A4F7556}") = "Tyuiu.KonstantinovaJN.Sprint1.Task1.V19.Lib", "Tyuiu.KonstantinovaJN.Sprint1.Task1.V19.Lib\Tyuiu.KonstantinovaJN.Sprint1.Task1.V19.Lib.csproj", "{160B9F05-5E5D-40B2-9EDC-319CC11CCFD4}"
EndProject
Project("{2150E333-8FDC-42A3-9474-1A3956D46DE8}") = "Task2", "Task2", "{EA3F739B-774E-4F97-A335-08742FEEA19B}"
EndProject
Project("{9A19103F-16F7-4668-BE54-9A1E7A4F7556}") = "Tyuiu.KonstantinovaJN.Sprint1.Task2.V17", "Tyuiu.KonstantinovaJN.Sprint1.Task2.V17\Tyuiu.KonstantinovaJN.Sprint1.Task2.V17.csproj", "{3BEA6F4E-BEC6-4F9B-ADE9-16E971B56F79}"
EndProject
Project("{9A19103F-16F7-4668-BE54-9A1E7A4F7556}") = "Tyuiu.KonstantinovaJN.Sprint1.Task2.V17.Test", "Tyuiu.KonstantinovaJN.Sprint1.Task2.V17.Test\Tyuiu.KonstantinovaJN.Sprint1.Task2.V17.Test.csproj", "{F151939D-8ABC-4CBA-B87A-2F5580D01A54}"
EndProject
Project("{9A19103F-16F7-4668-BE54-9A1E7A4F7556}") = "Tyuiu.KonstantinovaJN.Sprint1.Task2.V17.Lib", "Tyuiu.KonstantinovaJN.Sprint1.Task2.V17.Lib\Tyuiu.KonstantinovaJN.Sprint1.Task2.V17.Lib.csproj", "{58629693-4D3B-444B-83EE-AA889AC7DDC5}"
EndProject
Project("{2150E333-8FDC-42A3-9474-1A3956D46DE8}") = "Task3", "Task3", "{6AA8F750-2F68-4EDE-9CF0-EA0311065EE6}"
EndProject
Project("{9A19103F-16F7-4668-BE54-9A1E7A4F7556}") = "Tyuiu.KonstantinovaJN.Sprint1.Task3.V6", "Tyuiu.KonstantinovaJN.Sprint1.Task3.V6\Tyuiu.KonstantinovaJN.Sprint1.Task3.V6.csproj", "{68E904BF-F857-4045-A8E2-9BE218B681E2}"
EndProject
Project("{9A19103F-16F7-4668-BE54-9A1E7A4F7556}") = "Tyuiu.KonstantinovaJN.Sprint1.Task3.V6.Lib", "Tyuiu.KonstantinovaJN.Sprint1.Task3.V6.Lib\Tyuiu.KonstantinovaJN.Sprint1.Task3.V6.Lib.csproj", "{FBF99DF0-06D5-4CB0-AFD4-E11D07C3F142}"
EndProject
Project("{9A19103F-16F7-4668-BE54-9A1E7A4F7556}") = "Tyuiu.KonstantinovaJN.Sprint1.Task3.V6.Test", "Tyuiu.KonstantinovaJN.Sprint1.Task3.V6.Test\Tyuiu.KonstantinovaJN.Sprint1.Task3.V6.Test.csproj", "{D74A77BD-B8C2-47BB-8821-BB99B67F3697}"
EndProject
Project("{2150E333-8FDC-42A3-9474-1A3956D46DE8}") = "Task4", "Task4", "{50662E3D-59A1-42E2-AE88-31C6A4FFB990}"
EndProject
Project("{9A19103F-16F7-4668-BE54-9A1E7A4F7556}") = "Tyuiu.KonstantinovaJN.Sprint1.Task4.V21", "Tyuiu.KonstantinovaJN.Sprint1.Task4.V21\Tyuiu.KonstantinovaJN.Sprint1.Task4.V21.csproj", "{D74AE2E5-D2B0-4C62-A01F-4F57CAF1A2C0}"
EndProject
Project("{9A19103F-16F7-4668-BE54-9A1E7A4F7556}") = "Tyuiu.KonstantinovaJN.Sprint1.Task4.V21.Test", "Tyuiu.KonstantinovaJN.Sprint1.Task4.V21.Test\Tyuiu.KonstantinovaJN.Sprint1.Task4.V21.Test.csproj", "{CF9D224B-705B-45FF-8A4E-57308CABE706}"
EndProject
Project("{9A19103F-16F7-4668-BE54-9A1E7A4F7556}") = "Tyuiu.KonstantinovaJN.Sprint1.Task4.V21.Lib", "Tyuiu.KonstantinovaJN.Sprint1.Task4.V21.Lib\Tyuiu.KonstantinovaJN.Sprint1.Task4.V21.Lib.csproj", "{55BE63C8-806B-4BFE-8C60-0C04EDFFBA60}"
EndProject
Project("{2150E333-8FDC-42A3-9474-1A3956D46DE8}") = "Task5", "Task5", "{046EEF07-35F6-455D-9735-A02F566BF73C}"
EndProject
Project("{FAE04EC0-301F-11D3-BF4B-00C04F79EFBC}") = "Tyuiu.KonstantinovaJN.Sprint1.Task5.V4", "Tyuiu.KonstantinovaJN.Sprint1.Task5.V4\Tyuiu.KonstantinovaJN.Sprint1.Task5.V4.csproj", "{EA5254C8-9AA1-4BF7-9860-DB072C0C1D7D}"
EndProject
Project("{FAE04EC0-301F-11D3-BF4B-00C04F79EFBC}") = "Tyuiu.KonstantinovaJN.Sprint1.Task5.V4.Lib", "Tyuiu.KonstantinovaJN.Sprint1.Task5.V4.Lib\Tyuiu.KonstantinovaJN.Sprint1.Task5.V4.Lib.csproj", "{EF5EF66E-A4CD-4D3D-BC1D-238068B81DD3}"
EndProject
Project("{FAE04EC0-301F-11D3-BF4B-00C04F79EFBC}") = "Tyuiu.KonstantinovaJN.Sprint1.Task5.V4.Test", "Tyuiu.KonstantinovaJN.Sprint1.Task5.V4.Test\Tyuiu.KonstantinovaJN.Sprint1.Task5.V4.Test.csproj", "{A9EBBF0B-A3A3-4183-8586-D8C08D7834AE}"
EndProject
Global
	GlobalSection(SolutionConfigurationPlatforms) = preSolution
		Debug|Any CPU = Debug|Any CPU
		Release|Any CPU = Release|Any CPU
	EndGlobalSection
	GlobalSection(ProjectConfigurationPlatforms) = postSolution
		{FE0A7B89-836C-4B95-9E34-2AE4C1972832}.Debug|Any CPU.ActiveCfg = Debug|Any CPU
		{FE0A7B89-836C-4B95-9E34-2AE4C1972832}.Debug|Any CPU.Build.0 = Debug|Any CPU
		{FE0A7B89-836C-4B95-9E34-2AE4C1972832}.Release|Any CPU.ActiveCfg = Release|Any CPU
		{FE0A7B89-836C-4B95-9E34-2AE4C1972832}.Release|Any CPU.Build.0 = Release|Any CPU
		{FE6A2942-479B-4F4D-AB93-A951A7A4CAC8}.Debug|Any CPU.ActiveCfg = Debug|Any CPU
		{FE6A2942-479B-4F4D-AB93-A951A7A4CAC8}.Debug|Any CPU.Build.0 = Debug|Any CPU
		{FE6A2942-479B-4F4D-AB93-A951A7A4CAC8}.Release|Any CPU.ActiveCfg = Release|Any CPU
		{FE6A2942-479B-4F4D-AB93-A951A7A4CAC8}.Release|Any CPU.Build.0 = Release|Any CPU
		{E5F5E976-B1FF-41DD-9C99-AB290959368E}.Debug|Any CPU.ActiveCfg = Debug|Any CPU
		{E5F5E976-B1FF-41DD-9C99-AB290959368E}.Debug|Any CPU.Build.0 = Debug|Any CPU
		{E5F5E976-B1FF-41DD-9C99-AB290959368E}.Release|Any CPU.ActiveCfg = Release|Any CPU
		{E5F5E976-B1FF-41DD-9C99-AB290959368E}.Release|Any CPU.Build.0 = Release|Any CPU
		{ECC19A4A-D539-4E99-9CC9-AA4D83976535}.Debug|Any CPU.ActiveCfg = Debug|Any CPU
		{ECC19A4A-D539-4E99-9CC9-AA4D83976535}.Debug|Any CPU.Build.0 = Debug|Any CPU
		{ECC19A4A-D539-4E99-9CC9-AA4D83976535}.Release|Any CPU.ActiveCfg = Release|Any CPU
		{ECC19A4A-D539-4E99-9CC9-AA4D83976535}.Release|Any CPU.Build.0 = Release|Any CPU
		{09E4234F-5624-477C-9C33-6A0592497892}.Debug|Any CPU.ActiveCfg = Debug|Any CPU
		{09E4234F-5624-477C-9C33-6A0592497892}.Debug|Any CPU.Build.0 = Debug|Any CPU
		{09E4234F-5624-477C-9C33-6A0592497892}.Release|Any CPU.ActiveCfg = Release|Any CPU
		{09E4234F-5624-477C-9C33-6A0592497892}.Release|Any CPU.Build.0 = Release|Any CPU
		{160B9F05-5E5D-40B2-9EDC-319CC11CCFD4}.Debug|Any CPU.ActiveCfg = Debug|Any CPU
		{160B9F05-5E5D-40B2-9EDC-319CC11CCFD4}.Debug|Any CPU.Build.0 = Debug|Any CPU
		{160B9F05-5E5D-40B2-9EDC-319CC11CCFD4}.Release|Any CPU.ActiveCfg = Release|Any CPU
		{160B9F05-5E5D-40B2-9EDC-319CC11CCFD4}.Release|Any CPU.Build.0 = Release|Any CPU
		{3BEA6F4E-BEC6-4F9B-ADE9-16E971B56F79}.Debug|Any CPU.ActiveCfg = Debug|Any CPU
		{3BEA6F4E-BEC6-4F9B-ADE9-16E971B56F79}.Debug|Any CPU.Build.0 = Debug|Any CPU
		{3BEA6F4E-BEC6-4F9B-ADE9-16E971B56F79}.Release|Any CPU.ActiveCfg = Release|Any CPU
		{3BEA6F4E-BEC6-4F9B-ADE9-16E971B56F79}.Release|Any CPU.Build.0 = Release|Any CPU
		{F151939D-8ABC-4CBA-B87A-2F5580D01A54}.Debug|Any CPU.ActiveCfg = Debug|Any CPU
		{F151939D-8ABC-4CBA-B87A-2F5580D01A54}.Debug|Any CPU.Build.0 = Debug|Any CPU
		{F151939D-8ABC-4CBA-B87A-2F5580D01A54}.Release|Any CPU.ActiveCfg = Release|Any CPU
		{F151939D-8ABC-4CBA-B87A-2F5580D01A54}.Release|Any CPU.Build.0 = Release|Any CPU
		{58629693-4D3B-444B-83EE-AA889AC7DDC5}.Debug|Any CPU.ActiveCfg = Debug|Any CPU
		{58629693-4D3B-444B-83EE-AA889AC7DDC5}.Debug|Any CPU.Build.0 = Debug|Any CPU
		{58629693-4D3B-444B-83EE-AA889AC7DDC5}.Release|Any CPU.ActiveCfg = Release|Any CPU
		{58629693-4D3B-444B-83EE-AA889AC7DDC5}.Release|Any CPU.Build.0 = Release|Any CPU
		{68E904BF-F857-4045-A8E2-9BE218B681E2}.Debug|Any CPU.ActiveCfg = Debug|Any CPU
		{68E904BF-F857-4045-A8E2-9BE218B681E2}.Debug|Any CPU.Build.0 = Debug|Any CPU
		{68E904BF-F857-4045-A8E2-9BE218B681E2}.Release|Any CPU.ActiveCfg = Release|Any CPU
		{68E904BF-F857-4045-A8E2-9BE218B681E2}.Release|Any CPU.Build.0 = Release|Any CPU
		{FBF99DF0-06D5-4CB0-AFD4-E11D07C3F142}.Debug|Any CPU.ActiveCfg = Debug|Any CPU
		{FBF99DF0-06D5-4CB0-AFD4-E11D07C3F142}.Debug|Any CPU.Build.0 = Debug|Any CPU
		{FBF99DF0-06D5-4CB0-AFD4-E11D07C3F142}.Release|Any CPU.ActiveCfg = Release|Any CPU
		{FBF99DF0-06D5-4CB0-AFD4-E11D07C3F142}.Release|Any CPU.Build.0 = Release|Any CPU
		{D74A77BD-B8C2-47BB-8821-BB99B67F3697}.Debug|Any CPU.ActiveCfg = Debug|Any CPU
		{D74A77BD-B8C2-47BB-8821-BB99B67F3697}.Debug|Any CPU.Build.0 = Debug|Any CPU
		{D74A77BD-B8C2-47BB-8821-BB99B67F3697}.Release|Any CPU.ActiveCfg = Release|Any CPU
		{D74A77BD-B8C2-47BB-8821-BB99B67F3697}.Release|Any CPU.Build.0 = Release|Any CPU
		{D74AE2E5-D2B0-4C62-A01F-4F57CAF1A2C0}.Debug|Any CPU.ActiveCfg = Debug|Any CPU
		{D74AE2E5-D2B0-4C62-A01F-4F57CAF1A2C0}.Debug|Any CPU.Build.0 = Debug|Any CPU
		{D74AE2E5-D2B0-4C62-A01F-4F57CAF1A2C0}.Release|Any CPU.ActiveCfg = Release|Any CPU
		{D74AE2E5-D2B0-4C62-A01F-4F57CAF1A2C0}.Release|Any CPU.Build.0 = Release|Any CPU
		{CF9D224B-705B-45FF-8A4E-57308CABE706}.Debug|Any CPU.ActiveCfg = Debug|Any CPU
		{CF9D224B-705B-45FF-8A4E-57308CABE706}.Debug|Any CPU.Build.0 = Debug|Any CPU
		{CF9D224B-705B-45FF-8A4E-57308CABE706}.Release|Any CPU.ActiveCfg = Release|Any CPU
		{CF9D224B-705B-45FF-8A4E-57308CABE706}.Release|Any CPU.Build.0 = Release|Any CPU
		{55BE63C8-806B-4BFE-8C60-0C04EDFFBA60}.Debug|Any CPU.ActiveCfg = Debug|Any CPU
		{55BE63C8-806B-4BFE-8C60-0C04EDFFBA60}.Debug|Any CPU.Build.0 = Debug|Any CPU
		{55BE63C8-806B-4BFE-8C60-0C04EDFFBA60}.Release|Any CPU.ActiveCfg = Release|Any CPU
		{55BE63C8-806B-4BFE-8C60-0C04EDFFBA60}.Release|Any CPU.Build.0 = Release|Any CPU
		{EA5254C8-9AA1-4BF7-9860-DB072C0C1D7D}.Debug|Any CPU.ActiveCfg = Debug|Any CPU
		{EA5254C8-9AA1-4BF7-9860-DB072C0C1D7D}.Debug|Any CPU.Build.0 = Debug|Any CPU
		{EA5254C8-9AA1-4BF7-9860-DB072C0C1D7D}.Release|Any CPU.ActiveCfg = Release|Any CPU
		{EA5254C8-9AA1-4BF7-9860-DB072C0C1D7D}.Release|Any CPU.Build.0 = Release|Any CPU
		{EF5EF66E-A4CD-4D3D-BC1D-238068B81DD3}.Debug|Any CPU.ActiveCfg = Debug|Any CPU
		{EF5EF66E-A4CD-4D3D-BC1D-238068B81DD3}.Debug|Any CPU.Build.0 = Debug|Any CPU
		{EF5EF66E-A4CD-4D3D-BC1D-238068B81DD3}.Release|Any CPU.ActiveCfg = Release|Any CPU
		{EF5EF66E-A4CD-4D3D-BC1D-238068B81DD3}.Release|Any CPU.Build.0 = Release|Any CPU
		{A9EBBF0B-A3A3-4183-8586-D8C08D7834AE}.Debug|Any CPU.ActiveCfg = Debug|Any CPU
		{A9EBBF0B-A3A3-4183-8586-D8C08D7834AE}.Debug|Any CPU.Build.0 = Debug|Any CPU
		{A9EBBF0B-A3A3-4183-8586-D8C08D7834AE}.Release|Any CPU.ActiveCfg = Release|Any CPU
		{A9EBBF0B-A3A3-4183-8586-D8C08D7834AE}.Release|Any CPU.Build.0 = Release|Any CPU
	EndGlobalSection
	GlobalSection(SolutionProperties) = preSolution
		HideSolutionNode = FALSE
	EndGlobalSection
	GlobalSection(NestedProjects) = preSolution
		{FE0A7B89-836C-4B95-9E34-2AE4C1972832} = {692B49C9-39FF-4FBC-848E-22AB9F5AAE97}
		{FE6A2942-479B-4F4D-AB93-A951A7A4CAC8} = {692B49C9-39FF-4FBC-848E-22AB9F5AAE97}
		{E5F5E976-B1FF-41DD-9C99-AB290959368E} = {692B49C9-39FF-4FBC-848E-22AB9F5AAE97}
		{ECC19A4A-D539-4E99-9CC9-AA4D83976535} = {A761626A-6896-4B70-8C13-FE336CAFDD8C}
		{09E4234F-5624-477C-9C33-6A0592497892} = {A761626A-6896-4B70-8C13-FE336CAFDD8C}
		{160B9F05-5E5D-40B2-9EDC-319CC11CCFD4} = {A761626A-6896-4B70-8C13-FE336CAFDD8C}
		{3BEA6F4E-BEC6-4F9B-ADE9-16E971B56F79} = {EA3F739B-774E-4F97-A335-08742FEEA19B}
		{F151939D-8ABC-4CBA-B87A-2F5580D01A54} = {EA3F739B-774E-4F97-A335-08742FEEA19B}
		{58629693-4D3B-444B-83EE-AA889AC7DDC5} = {EA3F739B-774E-4F97-A335-08742FEEA19B}
		{68E904BF-F857-4045-A8E2-9BE218B681E2} = {6AA8F750-2F68-4EDE-9CF0-EA0311065EE6}
		{FBF99DF0-06D5-4CB0-AFD4-E11D07C3F142} = {6AA8F750-2F68-4EDE-9CF0-EA0311065EE6}
		{D74A77BD-B8C2-47BB-8821-BB99B67F3697} = {6AA8F750-2F68-4EDE-9CF0-EA0311065EE6}
		{D74AE2E5-D2B0-4C62-A01F-4F57CAF1A2C0} = {50662E3D-59A1-42E2-AE88-31C6A4FFB990}
		{CF9D224B-705B-45FF-8A4E-57308CABE706} = {50662E3D-59A1-42E2-AE88-31C6A4FFB990}
		{55BE63C8-806B-4BFE-8C60-0C04EDFFBA60} = {50662E3D-59A1-42E2-AE88-31C6A4FFB990}
		{EA5254C8-9AA1-4BF7-9860-DB072C0C1D7D} = {046EEF07-35F6-455D-9735-A02F566BF73C}
		{EF5EF66E-A4CD-4D3D-BC1D-238068B81DD3} = {046EEF07-35F6-455D-9735-A02F566BF73C}
		{A9EBBF0B-A3A3-4183-8586-D8C08D7834AE} = {046EEF07-35F6-455D-9735-A02F566BF73C}
	EndGlobalSection
	GlobalSection(ExtensibilityGlobals) = postSolution
		SolutionGuid = {0569F1D0-331A-4332-9DB9-6C0E719CF5BB}
	EndGlobalSection
EndGlobal
